
Microsoft Visual Studio Solution File, Format Version 12.00
Project("{FAE04EC0-301F-11D3-BF4B-00C04F79EFBC}") = "EventMarketplace", "EventMarketplace\EventMarketplace.csproj", "{30E63E00-042E-4903-B8DF-813D7D561407}"
EndProject
Project("{2150E333-8FDC-42A3-9474-1A3956D46DE8}") = "Solution Items", "Solution Items", "{F5F561D3-F640-42C5-B6A0-83E730E06741}"
	ProjectSection(SolutionItems) = preProject
		docker-compose.yml = docker-compose.yml
	EndProjectSection
EndProject
Project("{FAE04EC0-301F-11D3-BF4B-00C04F79EFBC}") = "EventMarketplace.Application", "EventMarketplace.Application\EventMarketplace.Application.csproj", "{9A5DFD31-1410-4ADA-B114-C726FE595DFE}"
EndProject
Project("{FAE04EC0-301F-11D3-BF4B-00C04F79EFBC}") = "EventMarketplace.Infrastructure", "EventMarketplace.Infrastructure\EventMarketplace.Infrastructure.csproj", "{A8A729B3-8EBB-4387-946E-CF8205ECB1FB}"
EndProject
Project("{FAE04EC0-301F-11D3-BF4B-00C04F79EFBC}") = "EventMarketplace.Domain", "EventMarketplace.Domain\EventMarketplace.Domain.csproj", "{34101244-0228-41CD-AD51-D87E2609064D}"
EndProject
Project("{FAE04EC0-301F-11D3-BF4B-00C04F79EFBC}") = "EventMarketplace.Tests", "EventMarketplace.Tests\EventMarketplace.Tests.csproj", "{6EE4BA69-769D-41F1-AB76-638ED9C37262}"
EndProject
Global
	GlobalSection(SolutionConfigurationPlatforms) = preSolution
		Debug|Any CPU = Debug|Any CPU
		Release|Any CPU = Release|Any CPU
	EndGlobalSection
	GlobalSection(ProjectConfigurationPlatforms) = postSolution
		{30E63E00-042E-4903-B8DF-813D7D561407}.Debug|Any CPU.ActiveCfg = Debug|Any CPU
		{30E63E00-042E-4903-B8DF-813D7D561407}.Debug|Any CPU.Build.0 = Debug|Any CPU
		{30E63E00-042E-4903-B8DF-813D7D561407}.Release|Any CPU.ActiveCfg = Release|Any CPU
		{30E63E00-042E-4903-B8DF-813D7D561407}.Release|Any CPU.Build.0 = Release|Any CPU
		{9A5DFD31-1410-4ADA-B114-C726FE595DFE}.Debug|Any CPU.ActiveCfg = Debug|Any CPU
		{9A5DFD31-1410-4ADA-B114-C726FE595DFE}.Debug|Any CPU.Build.0 = Debug|Any CPU
		{9A5DFD31-1410-4ADA-B114-C726FE595DFE}.Release|Any CPU.ActiveCfg = Release|Any CPU
		{9A5DFD31-1410-4ADA-B114-C726FE595DFE}.Release|Any CPU.Build.0 = Release|Any CPU
		{A8A729B3-8EBB-4387-946E-CF8205ECB1FB}.Debug|Any CPU.ActiveCfg = Debug|Any CPU
		{A8A729B3-8EBB-4387-946E-CF8205ECB1FB}.Debug|Any CPU.Build.0 = Debug|Any CPU
		{A8A729B3-8EBB-4387-946E-CF8205ECB1FB}.Release|Any CPU.ActiveCfg = Release|Any CPU
		{A8A729B3-8EBB-4387-946E-CF8205ECB1FB}.Release|Any CPU.Build.0 = Release|Any CPU
		{34101244-0228-41CD-AD51-D87E2609064D}.Debug|Any CPU.ActiveCfg = Debug|Any CPU
		{34101244-0228-41CD-AD51-D87E2609064D}.Debug|Any CPU.Build.0 = Debug|Any CPU
		{34101244-0228-41CD-AD51-D87E2609064D}.Release|Any CPU.ActiveCfg = Release|Any CPU
		{34101244-0228-41CD-AD51-D87E2609064D}.Release|Any CPU.Build.0 = Release|Any CPU
		{6EE4BA69-769D-41F1-AB76-638ED9C37262}.Debug|Any CPU.ActiveCfg = Debug|Any CPU
		{6EE4BA69-769D-41F1-AB76-638ED9C37262}.Debug|Any CPU.Build.0 = Debug|Any CPU
		{6EE4BA69-769D-41F1-AB76-638ED9C37262}.Release|Any CPU.ActiveCfg = Release|Any CPU
		{6EE4BA69-769D-41F1-AB76-638ED9C37262}.Release|Any CPU.Build.0 = Release|Any CPU
	EndGlobalSection
EndGlobal
